Microsoft Visual Studio Solution File, Format Version 12.00
# Visual Studio Version 17
VisualStudioVersion = 17.5.2.0
MinimumVisualStudioVersion = 10.0.40219.1
Project("{FAE04EC0-301F-11D3-BF4B-00C04F79EFBC}") = "singleProject", "singleProject.csproj", "{E25714BB-E9F0-EDAB-BF88-C1396640E6B9}"
EndProject
Global
	GlobalSection(SolutionConfigurationPlatforms) = preSolution
		Debug|Any CPU = Debug|Any CPU
		Release|Any CPU = Release|Any CPU
	EndGlobalSection
	GlobalSection(ProjectConfigurationPlatforms) = postSolution
		{E25714BB-E9F0-EDAB-BF88-C1396640E6B9}.Debug|Any CPU.ActiveCfg = Debug|Any CPU
		{E25714BB-E9F0-EDAB-BF88-C1396640E6B9}.Debug|Any CPU.Build.0 = Debug|Any CPU
		{E25714BB-E9F0-EDAB-BF88-C1396640E6B9}.Release|Any CPU.ActiveCfg = Release|Any CPU
		{E25714BB-E9F0-EDAB-BF88-C1396640E6B9}.Release|Any CPU.Build.0 = Release|Any CPU
	EndGlobalSection
	GlobalSection(SolutionProperties) = preSolution
		HideSolutionNode = FALSE
	EndGlobalSection
	GlobalSection(ExtensibilityGlobals) = postSolution
		SolutionGuid = {70E87100-EC19-4FF8-B6E9-FBEA4C908531}
	EndGlobalSection
EndGlobal
